
Microsoft Visual Studio Solution File, Format Version 12.00
# Visual Studio Version 17
VisualStudioVersion = 17.0.31912.275
MinimumVisualStudioVersion = 10.0.40219.1
Project("{9A19103F-16F7-4668-BE54-9A1E7A4F7556}") = "Playground", "Playground\Playground.csproj", "{7767277F-D0B0-4AA5-9BF3-E98F52F0E6AA}"
EndProject
Project("{9A19103F-16F7-4668-BE54-9A1E7A4F7556}") = "TextTools", "TextTools\TextTools.csproj", "{C579A22C-5865-44AC-AEE4-8CD5607CF007}"
EndProject
Project("{9A19103F-16F7-4668-BE54-9A1E7A4F7556}") = "WPFTextGUI", "WPFTextGUI\WPFTextGUI.csproj", "{6CE11E96-6A8A-4E0F-8AF9-0FD72E9D651A}"
EndProject
Project("{9A19103F-16F7-4668-BE54-9A1E7A4F7556}") = "Tests", "Tests\Tests.csproj", "{F50F5B0B-4BBD-4654-90D9-76D23614A443}"
EndProject
Project("{FAE04EC0-301F-11D3-BF4B-00C04F79EFBC}") = "MinAPI", "MinAPI\MinAPI.csproj", "{2C5DBE39-00CE-441B-83B5-91C49D0CBFD4}"
EndProject
Global
	GlobalSection(SolutionConfigurationPlatforms) = preSolution
		Debug|Any CPU = Debug|Any CPU
		Release|Any CPU = Release|Any CPU
	EndGlobalSection
	GlobalSection(ProjectConfigurationPlatforms) = postSolution
		{7767277F-D0B0-4AA5-9BF3-E98F52F0E6AA}.Debug|Any CPU.ActiveCfg = Debug|Any CPU
		{7767277F-D0B0-4AA5-9BF3-E98F52F0E6AA}.Debug|Any CPU.Build.0 = Debug|Any CPU
		{7767277F-D0B0-4AA5-9BF3-E98F52F0E6AA}.Release|Any CPU.ActiveCfg = Release|Any CPU
		{7767277F-D0B0-4AA5-9BF3-E98F52F0E6AA}.Release|Any CPU.Build.0 = Release|Any CPU
		{C579A22C-5865-44AC-AEE4-8CD5607CF007}.Debug|Any CPU.ActiveCfg = Debug|Any CPU
		{C579A22C-5865-44AC-AEE4-8CD5607CF007}.Debug|Any CPU.Build.0 = Debug|Any CPU
		{C579A22C-5865-44AC-AEE4-8CD5607CF007}.Release|Any CPU.ActiveCfg = Release|Any CPU
		{C579A22C-5865-44AC-AEE4-8CD5607CF007}.Release|Any CPU.Build.0 = Release|Any CPU
		{6CE11E96-6A8A-4E0F-8AF9-0FD72E9D651A}.Debug|Any CPU.ActiveCfg = Debug|Any CPU
		{6CE11E96-6A8A-4E0F-8AF9-0FD72E9D651A}.Debug|Any CPU.Build.0 = Debug|Any CPU
		{6CE11E96-6A8A-4E0F-8AF9-0FD72E9D651A}.Release|Any CPU.ActiveCfg = Release|Any CPU
		{6CE11E96-6A8A-4E0F-8AF9-0FD72E9D651A}.Release|Any CPU.Build.0 = Release|Any CPU
		{F50F5B0B-4BBD-4654-90D9-76D23614A443}.Debug|Any CPU.ActiveCfg = Debug|Any CPU
		{F50F5B0B-4BBD-4654-90D9-76D23614A443}.Debug|Any CPU.Build.0 = Debug|Any CPU
		{F50F5B0B-4BBD-4654-90D9-76D23614A443}.Release|Any CPU.ActiveCfg = Release|Any CPU
		{F50F5B0B-4BBD-4654-90D9-76D23614A443}.Release|Any CPU.Build.0 = Release|Any CPU
		{2C5DBE39-00CE-441B-83B5-91C49D0CBFD4}.Debug|Any CPU.ActiveCfg = Debug|Any CPU
		{2C5DBE39-00CE-441B-83B5-91C49D0CBFD4}.Debug|Any CPU.Build.0 = Debug|Any CPU
		{2C5DBE39-00CE-441B-83B5-91C49D0CBFD4}.Release|Any CPU.ActiveCfg = Release|Any CPU
		{2C5DBE39-00CE-441B-83B5-91C49D0CBFD4}.Release|Any CPU.Build.0 = Release|Any CPU
	EndGlobalSection
	GlobalSection(SolutionProperties) = preSolution
		HideSolutionNode = FALSE
	EndGlobalSection
	GlobalSection(ExtensibilityGlobals) = postSolution
		SolutionGuid = {2C1E3777-E163-47BD-B01E-EE074886D6DA}
	EndGlobalSection
EndGlobal
